github.com/SkyPenguin-Solutions/SkyLineConfigurationEngine v0.0.0-20230412055939-394136120ebc h1:w2ZUB1ofKjwnmKrPta9LahgdiUA9DpW0iNMTGoDRfRc=
github.com/SkyPenguin-Solutions/SkyLineConfigurationEngine v0.0.0-20230412055939-394136120ebc/go.mod h1:FeqQ8g0IycL1VMVjI34U29pbfsNcyksXN0JSRIfeCfg=
github.com/SkyPenguin-Solutions/SkyLineConfigurationEngine v0.0.0-20230420032414-9ff5ee323166 h1:ChooQMfTh31nENQkLmHrI68iD6vatJJiUB+s4IsvxEo=
github.com/SkyPenguin-Solutions/SkyLineConfigurationEngine v0.0.0-20230420032414-9ff5ee323166/go.mod h1:FeqQ8g0IycL1VMVjI34U29pbfsNcyksXN0JSRIfeCfg=
